
Microsoft Visual Studio Solution File, Format Version 12.00
# Visual Studio Version 17
VisualStudioVersion = 17.3.32922.545
MinimumVisualStudioVersion = 10.0.40219.1
Project("{FAE04EC0-301F-11D3-BF4B-00C04F79EFBC}") = "oop-lab9", "oop-lab9.csproj", "{DF6B6797-3698-46FA-9FFA-E111A4F40DC3}"
EndProject
Project("{FAE04EC0-301F-11D3-BF4B-00C04F79EFBC}") = "ClassLibrary", "ClassLibrary\ClassLibrary.csproj", "{F5A7DAAD-58AF-43C4-8A93-3312F7C55E93}"
EndProject
Global
	GlobalSection(SolutionConfigurationPlatforms) = preSolution
		Debug|Any CPU = Debug|Any CPU
		Release|Any CPU = Release|Any CPU
	EndGlobalSection
	GlobalSection(ProjectConfigurationPlatforms) = postSolution
		{DF6B6797-3698-46FA-9FFA-E111A4F40DC3}.Debug|Any CPU.ActiveCfg = Debug|Any CPU
		{DF6B6797-3698-46FA-9FFA-E111A4F40DC3}.Debug|Any CPU.Build.0 = Debug|Any CPU
		{DF6B6797-3698-46FA-9FFA-E111A4F40DC3}.Release|Any CPU.ActiveCfg = Release|Any CPU
		{DF6B6797-3698-46FA-9FFA-E111A4F40DC3}.Release|Any CPU.Build.0 = Release|Any CPU
		{F5A7DAAD-58AF-43C4-8A93-3312F7C55E93}.Debug|Any CPU.ActiveCfg = Debug|Any CPU
		{F5A7DAAD-58AF-43C4-8A93-3312F7C55E93}.Debug|Any CPU.Build.0 = Debug|Any CPU
		{F5A7DAAD-58AF-43C4-8A93-3312F7C55E93}.Release|Any CPU.ActiveCfg = Release|Any CPU
		{F5A7DAAD-58AF-43C4-8A93-3312F7C55E93}.Release|Any CPU.Build.0 = Release|Any CPU
	EndGlobalSection
	GlobalSection(SolutionProperties) = preSolution
		HideSolutionNode = FALSE
	EndGlobalSection
	GlobalSection(ExtensibilityGlobals) = postSolution
		SolutionGuid = {312785C9-110C-4A2A-983D-DA0BB369360B}
	EndGlobalSection
EndGlobal
